
Microsoft Visual Studio Solution File, Format Version 12.00
# Visual Studio Express 2012 for Windows Desktop
Project("{FAE04EC0-301F-11D3-BF4B-00C04F79EFBC}") = "TUIO_DEMO", "TUIO_DEMO.csproj", "{83F18314-A320-4148-A5A5-D8FD091FC407}"
EndProject
Project("{FAE04EC0-301F-11D3-BF4B-00C04F79EFBC}") = "TUIO_DUMP", "TUIO_DUMP.csproj", "{BE55E6C1-6A4D-46AF-9479-3796A3D36A6F}"
EndProject
Project("{FAE04EC0-301F-11D3-BF4B-00C04F79EFBC}") = "TUIO_LIB", "TUIO_LIB.csproj", "{3CBF7D4A-CE06-490D-80DA-580D02C268DE}"
EndProject
Global
	GlobalSection(SolutionConfigurationPlatforms) = preSolution
		Debug|Any CPU = Debug|Any CPU
		Release|Any CPU = Release|Any CPU
	EndGlobalSection
	GlobalSection(ProjectConfigurationPlatforms) = postSolution
		{83F18314-A320-4148-A5A5-D8FD091FC407}.Debug|Any CPU.ActiveCfg = Debug|Any CPU
		{83F18314-A320-4148-A5A5-D8FD091FC407}.Debug|Any CPU.Build.0 = Debug|Any CPU
		{83F18314-A320-4148-A5A5-D8FD091FC407}.Release|Any CPU.ActiveCfg = Release|Any CPU
		{83F18314-A320-4148-A5A5-D8FD091FC407}.Release|Any CPU.Build.0 = Release|Any CPU
		{BE55E6C1-6A4D-46AF-9479-3796A3D36A6F}.Debug|Any CPU.ActiveCfg = Debug|Any CPU
		{BE55E6C1-6A4D-46AF-9479-3796A3D36A6F}.Debug|Any CPU.Build.0 = Debug|Any CPU
		{BE55E6C1-6A4D-46AF-9479-3796A3D36A6F}.Release|Any CPU.ActiveCfg = Release|Any CPU
		{BE55E6C1-6A4D-46AF-9479-3796A3D36A6F}.Release|Any CPU.Build.0 = Release|Any CPU
		{3CBF7D4A-CE06-490D-80DA-580D02C268DE}.Debug|Any CPU.ActiveCfg = Debug|Any CPU
		{3CBF7D4A-CE06-490D-80DA-580D02C268DE}.Debug|Any CPU.Build.0 = Debug|Any CPU
		{3CBF7D4A-CE06-490D-80DA-580D02C268DE}.Release|Any CPU.ActiveCfg = Release|Any CPU
		{3CBF7D4A-CE06-490D-80DA-580D02C268DE}.Release|Any CPU.Build.0 = Release|Any CPU
	EndGlobalSection
	GlobalSection(SolutionProperties) = preSolution
		HideSolutionNode = FALSE
	EndGlobalSection
EndGlobal
